<Solution>
  <Project Path="implement/GitCore/GitCore.csproj" />
  <Project Path="implement/native-tools/native-tools.csproj" />
  <Project Path="implement/Pine.Core/Pine.Core.csproj" />
  <Project Path="implement/Pine.Core.Tests/Pine.Core.Tests.csproj" />
  <Project Path="implement/pine/pine.csproj" />
  <Project Path="implement/Pine.IntegrationTests/Pine.IntegrationTests.csproj" />
  <Project Path="implement/prebuild/prebuild.csproj" />
</Solution>
